
Microsoft Visual Studio Solution File, Format Version 12.00
# Visual Studio Version 17
VisualStudioVersion = 17.11.35303.130
MinimumVisualStudioVersion = 10.0.40219.1
Project("{8BC9CEB8-8B4A-11D0-8D11-00A0C91BC942}") = "Main", "Main\Main.vcxproj", "{C103A0EA-FB56-4511-8D51-B39458F58BA0}"
EndProject
Project("{8BC9CEB8-8B4A-11D0-8D11-00A0C91BC942}") = "libraries", "libraries\libraries.vcxproj", "{B96D234C-0BB2-420E-A799-5A3056F95A9B}"
EndProject
Project("{8BC9CEB8-8B4A-11D0-8D11-00A0C91BC942}") = "Tests", "Tests\Tests.vcxproj", "{5F35DB17-5C70-4C26-9884-84E432A7C2B5}"
EndProject
Global
	GlobalSection(SolutionConfigurationPlatforms) = preSolution
		Debug|x64 = Debug|x64
		Debug|x86 = Debug|x86
		Release|x64 = Release|x64
		Release|x86 = Release|x86
	EndGlobalSection
	GlobalSection(ProjectConfigurationPlatforms) = postSolution
		{C103A0EA-FB56-4511-8D51-B39458F58BA0}.Debug|x64.ActiveCfg = Debug|x64
		{C103A0EA-FB56-4511-8D51-B39458F58BA0}.Debug|x64.Build.0 = Debug|x64
		{C103A0EA-FB56-4511-8D51-B39458F58BA0}.Debug|x86.ActiveCfg = Debug|Win32
		{C103A0EA-FB56-4511-8D51-B39458F58BA0}.Debug|x86.Build.0 = Debug|Win32
		{C103A0EA-FB56-4511-8D51-B39458F58BA0}.Release|x64.ActiveCfg = Release|x64
		{C103A0EA-FB56-4511-8D51-B39458F58BA0}.Release|x64.Build.0 = Release|x64
		{C103A0EA-FB56-4511-8D51-B39458F58BA0}.Release|x86.ActiveCfg = Release|Win32
		{C103A0EA-FB56-4511-8D51-B39458F58BA0}.Release|x86.Build.0 = Release|Win32
		{B96D234C-0BB2-420E-A799-5A3056F95A9B}.Debug|x64.ActiveCfg = Debug|x64
		{B96D234C-0BB2-420E-A799-5A3056F95A9B}.Debug|x64.Build.0 = Debug|x64
		{B96D234C-0BB2-420E-A799-5A3056F95A9B}.Debug|x86.ActiveCfg = Debug|Win32
		{B96D234C-0BB2-420E-A799-5A3056F95A9B}.Debug|x86.Build.0 = Debug|Win32
		{B96D234C-0BB2-420E-A799-5A3056F95A9B}.Release|x64.ActiveCfg = Release|x64
		{B96D234C-0BB2-420E-A799-5A3056F95A9B}.Release|x64.Build.0 = Release|x64
		{B96D234C-0BB2-420E-A799-5A3056F95A9B}.Release|x86.ActiveCfg = Release|Win32
		{B96D234C-0BB2-420E-A799-5A3056F95A9B}.Release|x86.Build.0 = Release|Win32
		{5F35DB17-5C70-4C26-9884-84E432A7C2B5}.Debug|x64.ActiveCfg = Debug|x64
		{5F35DB17-5C70-4C26-9884-84E432A7C2B5}.Debug|x64.Build.0 = Debug|x64
		{5F35DB17-5C70-4C26-9884-84E432A7C2B5}.Debug|x86.ActiveCfg = Debug|Win32
		{5F35DB17-5C70-4C26-9884-84E432A7C2B5}.Debug|x86.Build.0 = Debug|Win32
		{5F35DB17-5C70-4C26-9884-84E432A7C2B5}.Release|x64.ActiveCfg = Release|x64
		{5F35DB17-5C70-4C26-9884-84E432A7C2B5}.Release|x64.Build.0 = Release|x64
		{5F35DB17-5C70-4C26-9884-84E432A7C2B5}.Release|x86.ActiveCfg = Release|Win32
		{5F35DB17-5C70-4C26-9884-84E432A7C2B5}.Release|x86.Build.0 = Release|Win32
	EndGlobalSection
	GlobalSection(SolutionProperties) = preSolution
		HideSolutionNode = FALSE
	EndGlobalSection
	GlobalSection(ExtensibilityGlobals) = postSolution
		SolutionGuid = {4241C9B8-E583-4D05-94A1-46121EA9D50B}
	EndGlobalSection
EndGlobal
